
Microsoft Visual Studio Solution File, Format Version 12.00
# Visual Studio Version 17
VisualStudioVersion = 17.5.002.0
MinimumVisualStudioVersion = 10.0.40219.1
Project("{9A19103F-16F7-4668-BE54-9A1E7A4F7556}") = "SchoolUser", "SchoolUser.csproj", "{878F693A-AD0E-406E-8442-3DE81A5B6092}"
EndProject
Global
	GlobalSection(SolutionConfigurationPlatforms) = preSolution
		Debug|Any CPU = Debug|Any CPU
		Release|Any CPU = Release|Any CPU
	EndGlobalSection
	GlobalSection(ProjectConfigurationPlatforms) = postSolution
		{878F693A-AD0E-406E-8442-3DE81A5B6092}.Debug|Any CPU.ActiveCfg = Debug|Any CPU
		{878F693A-AD0E-406E-8442-3DE81A5B6092}.Debug|Any CPU.Build.0 = Debug|Any CPU
		{878F693A-AD0E-406E-8442-3DE81A5B6092}.Release|Any CPU.ActiveCfg = Release|Any CPU
		{878F693A-AD0E-406E-8442-3DE81A5B6092}.Release|Any CPU.Build.0 = Release|Any CPU
	EndGlobalSection
	GlobalSection(SolutionProperties) = preSolution
		HideSolutionNode = FALSE
	EndGlobalSection
	GlobalSection(ExtensibilityGlobals) = postSolution
		SolutionGuid = {0F62C6FB-4959-455D-9C5A-C5F7E7041892}
	EndGlobalSection
EndGlobal
