
Microsoft Visual Studio Solution File, Format Version 12.00
# Visual Studio Version 17
VisualStudioVersion = 17.0.31903.59
MinimumVisualStudioVersion = 10.0.40219.1
Project("{FAE04EC0-301F-11D3-BF4B-00C04F79EFBC}") = "SchoolUser", "SchoolUser\SchoolUser.csproj", "{24F6CCE9-4384-4F82-8906-5E254CF8DC06}"
EndProject
Project("{FAE04EC0-301F-11D3-BF4B-00C04F79EFBC}") = "SchoolUser.Tests", "SchoolUser.Tests\SchoolUser.Tests.csproj", "{58A79C81-52D2-4E98-9F85-5012F83D8B7C}"
EndProject
Global
	GlobalSection(SolutionConfigurationPlatforms) = preSolution
		Debug|Any CPU = Debug|Any CPU
		Release|Any CPU = Release|Any CPU
	EndGlobalSection
	GlobalSection(SolutionProperties) = preSolution
		HideSolutionNode = FALSE
	EndGlobalSection
	GlobalSection(ProjectConfigurationPlatforms) = postSolution
		{24F6CCE9-4384-4F82-8906-5E254CF8DC06}.Debug|Any CPU.ActiveCfg = Debug|Any CPU
		{24F6CCE9-4384-4F82-8906-5E254CF8DC06}.Debug|Any CPU.Build.0 = Debug|Any CPU
		{24F6CCE9-4384-4F82-8906-5E254CF8DC06}.Release|Any CPU.ActiveCfg = Release|Any CPU
		{24F6CCE9-4384-4F82-8906-5E254CF8DC06}.Release|Any CPU.Build.0 = Release|Any CPU
		{58A79C81-52D2-4E98-9F85-5012F83D8B7C}.Debug|Any CPU.ActiveCfg = Debug|Any CPU
		{58A79C81-52D2-4E98-9F85-5012F83D8B7C}.Debug|Any CPU.Build.0 = Debug|Any CPU
		{58A79C81-52D2-4E98-9F85-5012F83D8B7C}.Release|Any CPU.ActiveCfg = Release|Any CPU
		{58A79C81-52D2-4E98-9F85-5012F83D8B7C}.Release|Any CPU.Build.0 = Release|Any CPU
	EndGlobalSection
EndGlobal
